// !$*UTF8*$!
{
	archiveVersion = 1;
	classes = {
	};
	objectVersion = 50;
	objects = {

/* Begin PBXBuildFile section */
		6784FC10235347B8008582BF /* LinkedList.swift in Sources */ = {isa = PBXBuildFile; fileRef = 6784FC0F235347B8008582BF /* LinkedList.swift */; };
		6784FC12235347C7008582BF /* Node.swift in Sources */ = {isa = PBXBuildFile; fileRef = 6784FC11235347C7008582BF /* Node.swift */; };
		67F309C021FC520D0072CB84 /* AppDelegate.swift in Sources */ = {isa = PBXBuildFile; fileRef = 67F309BF21FC520D0072CB84 /* AppDelegate.swift */; };
		67F309C221FC520D0072CB84 /* ViewController.swift in Sources */ = {isa = PBXBuildFile; fileRef = 67F309C121FC520D0072CB84 /* ViewController.swift */; };
		67F309C521FC520D0072CB84 /* Main.storyboard in Resources */ = {isa = PBXBuildFile; fileRef = 67F309C321FC520D0072CB84 /* Main.storyboard */; };
		67F309C721FC52110072CB84 /* Assets.xcassets in Resources */ = {isa = PBXBuildFile; fileRef = 67F309C621FC52110072CB84 /* Assets.xcassets */; };
		67F309CA21FC52110072CB84 /* LaunchScreen.storyboard in Resources */ = {isa = PBXBuildFile; fileRef = 67F309C821FC52110072CB84 /* LaunchScreen.storyboard */; };
/* End PBXBuildFile section */

/* Begin PBXFileReference section */
		6784FC0F235347B8008582BF /* LinkedList.swift */ = {isa = PBXFileReference; lastKnownFileType = sourcecode.swift; path = LinkedList.swift; sourceTree = "<group>"; };
		6784FC11235347C7008582BF /* Node.swift */ = {isa = PBXFileReference; lastKnownFileType = sourcecode.swift; path = Node.swift; sourceTree = "<group>"; };
		6784FC132353482A008582BF /* LinkedList.playground */ = {isa = PBXFileReference; lastKnownFileType = file.playground; path = LinkedList.playground; sourceTree = "<group>"; xcLanguageSpecificationIdentifier = xcode.lang.swift; };
		67AC71AB2352C852004CC55A /* BinarySearch.playground */ = {isa = PBXFileReference; lastKnownFileType = file.playground; path = BinarySearch.playground; sourceTree = "<group>"; xcLanguageSpecificationIdentifier = xcode.lang.swift; };
		67B7745A235438A2007347FE /* Stack.playground */ = {isa = PBXFileReference; lastKnownFileType = file.playground; path = Stack.playground; sourceTree = "<group>"; xcLanguageSpecificationIdentifier = xcode.lang.swift; };
		67B7745D235439A9007347FE /* Stack.playground */ = {isa = PBXFileReference; lastKnownFileType = file.playground; path = Stack.playground; sourceTree = "<group>"; xcLanguageSpecificationIdentifier = xcode.lang.swift; };
		67F309BC21FC520D0072CB84 /* DataStructureInSwift.app */ = {isa = PBXFileReference; explicitFileType = wrapper.application; includeInIndex = 0; path = DataStructureInSwift.app; sourceTree = BUILT_PRODUCTS_DIR; };
		67F309BF21FC520D0072CB84 /* AppDelegate.swift */ = {isa = PBXFileReference; lastKnownFileType = sourcecode.swift; path = AppDelegate.swift; sourceTree = "<group>"; };
		67F309C121FC520D0072CB84 /* ViewController.swift */ = {isa = PBXFileReference; lastKnownFileType = sourcecode.swift; path = ViewController.swift; sourceTree = "<group>"; };
		67F309C421FC520D0072CB84 /* Base */ = {isa = PBXFileReference; lastKnownFileType = file.storyboard; name = Base; path = Base.lproj/Main.storyboard; sourceTree = "<group>"; };
		67F309C621FC52110072CB84 /* Assets.xcassets */ = {isa = PBXFileReference; lastKnownFileType = folder.assetcatalog; path = Assets.xcassets; sourceTree = "<group>"; };
		67F309C921FC52110072CB84 /* Base */ = {isa = PBXFileReference; lastKnownFileType = file.storyboard; name = Base; path = Base.lproj/LaunchScreen.storyboard; sourceTree = "<group>"; };
		67F309CB21FC52110072CB84 /* Info.plist */ = {isa = PBXFileReference; lastKnownFileType = text.plist.xml; path = Info.plist; sourceTree = "<group>"; };
/* End PBXFileReference section */

/* Begin PBXFrameworksBuildPhase section */
		67F309B921FC520D0072CB84 /* Frameworks */ = {
			isa = PBXFrameworksBuildPhase;
			buildActionMask = 2147483647;
			files = (
			);
			runOnlyForDeploymentPostprocessing = 0;
		};
/* End PBXFrameworksBuildPhase section */

/* Begin PBXGroup section */
		672216E1233F87F7008ECF56 /* LinkedList */ = {
			isa = PBXGroup;
			children = (
				6784FC0E235347A1008582BF /* SEP2019 */,
			);
			path = LinkedList;
			sourceTree = "<group>";
		};
		6784FC0E235347A1008582BF /* SEP2019 */ = {
			isa = PBXGroup;
			children = (
				6784FC0F235347B8008582BF /* LinkedList.swift */,
				6784FC11235347C7008582BF /* Node.swift */,
				6784FC132353482A008582BF /* LinkedList.playground */,
			);
			path = SEP2019;
			sourceTree = "<group>";
		};
		67AC71A82352C809004CC55A /* Searching */ = {
			isa = PBXGroup;
			children = (
				67AC71A92352C817004CC55A /* BinarySearch */,
			);
			path = Searching;
			sourceTree = "<group>";
		};
		67AC71A92352C817004CC55A /* BinarySearch */ = {
			isa = PBXGroup;
			children = (
				67AC71AA2352C828004CC55A /* 13OCT2019 */,
			);
			path = BinarySearch;
			sourceTree = "<group>";
		};
		67AC71AA2352C828004CC55A /* 13OCT2019 */ = {
			isa = PBXGroup;
			children = (
				67AC71AB2352C852004CC55A /* BinarySearch.playground */,
			);
			path = 13OCT2019;
			sourceTree = "<group>";
		};
		67B7745923543888007347FE /* OCT2019 */ = {
			isa = PBXGroup;
			children = (
				67B7745A235438A2007347FE /* Stack.playground */,
			);
			path = OCT2019;
			sourceTree = "<group>";
		};
		67B7745C23543999007347FE /* JAN2019 */ = {
			isa = PBXGroup;
			children = (
				67B7745D235439A9007347FE /* Stack.playground */,
			);
			path = JAN2019;
			sourceTree = "<group>";
		};
		67F309B321FC520D0072CB84 = {
			isa = PBXGroup;
			children = (
				67F309BE21FC520D0072CB84 /* DataStructureInSwift */,
				67F309BD21FC520D0072CB84 /* Products */,
			);
			sourceTree = "<group>";
		};
		67F309BD21FC520D0072CB84 /* Products */ = {
			isa = PBXGroup;
			children = (
				67F309BC21FC520D0072CB84 /* DataStructureInSwift.app */,
			);
			name = Products;
			sourceTree = "<group>";
		};
		67F309BE21FC520D0072CB84 /* DataStructureInSwift */ = {
			isa = PBXGroup;
			children = (
				67AC71A82352C809004CC55A /* Searching */,
				672216E1233F87F7008ECF56 /* LinkedList */,
				67F309D121FC9C6D0072CB84 /* Stack */,
				67F309BF21FC520D0072CB84 /* AppDelegate.swift */,
				67F309C121FC520D0072CB84 /* ViewController.swift */,
				67F309C321FC520D0072CB84 /* Main.storyboard */,
				67F309C621FC52110072CB84 /* Assets.xcassets */,
				67F309C821FC52110072CB84 /* LaunchScreen.storyboard */,
				67F309CB21FC52110072CB84 /* Info.plist */,
			);
			path = DataStructureInSwift;
			sourceTree = "<group>";
		};
		67F309D121FC9C6D0072CB84 /* Stack */ = {
			isa = PBXGroup;
			children = (
				67B7745C23543999007347FE /* JAN2019 */,
				67B7745923543888007347FE /* OCT2019 */,
			);
			path = Stack;
			sourceTree = "<group>";
		};
/* End PBXGroup section */

/* Begin PBXNativeTarget section */
		67F309BB21FC520D0072CB84 /* DataStructureInSwift */ = {
			isa = PBXNativeTarget;
			buildConfigurationList = 67F309CE21FC52110072CB84 /* Build configuration list for PBXNativeTarget "DataStructureInSwift" */;
			buildPhases = (
				67F309B821FC520D0072CB84 /* Sources */,
				67F309B921FC520D0072CB84 /* Frameworks */,
				67F309BA21FC520D0072CB84 /* Resources */,
			);
			buildRules = (
			);
			dependencies = (
			);
			name = DataStructureInSwift;
			productName = DataStructureInSwift;
			productReference = 67F309BC21FC520D0072CB84 /* DataStructureInSwift.app */;
			productType = "com.apple.product-type.application";
		};
/* End PBXNativeTarget section */

/* Begin PBXProject section */
		67F309B421FC520D0072CB84 /* Project object */ = {
			isa = PBXProject;
			attributes = {
				LastSwiftUpdateCheck = 1010;
				LastUpgradeCheck = 1010;
				ORGANIZATIONNAME = "Chaman Gurjar";
				TargetAttributes = {
					67F309BB21FC520D0072CB84 = {
						CreatedOnToolsVersion = 10.1;
					};
				};
			};
			buildConfigurationList = 67F309B721FC520D0072CB84 /* Build configuration list for PBXProject "DataStructureInSwift" */;
			compatibilityVersion = "Xcode 9.3";
			developmentRegion = en;
			hasScannedForEncodings = 0;
			knownRegions = (
				en,
				Base,
			);
			mainGroup = 67F309B321FC520D0072CB84;
			productRefGroup = 67F309BD21FC520D0072CB84 /* Products */;
			projectDirPath = "";
			projectRoot = "";
			targets = (
				67F309BB21FC520D0072CB84 /* DataStructureInSwift */,
			);
		};
/* End PBXProject section */

/* Begin PBXResourcesBuildPhase section */
		67F309BA21FC520D0072CB84 /* Resources */ = {
			isa = PBXResourcesBuildPhase;
			buildActionMask = 2147483647;
			files = (
				67F309CA21FC52110072CB84 /* LaunchScreen.storyboard in Resources */,
				67F309C721FC52110072CB84 /* Assets.xcassets in Resources */,
				67F309C521FC520D0072CB84 /* Main.storyboard in Resources */,
			);
			runOnlyForDeploymentPostprocessing = 0;
		};
/* End PBXResourcesBuildPhase section */

/* Begin PBXSourcesBuildPhase section */
		67F309B821FC520D0072CB84 /* Sources */ = {
			isa = PBXSourcesBuildPhase;
			buildActionMask = 2147483647;
			files = (
				6784FC10235347B8008582BF /* LinkedList.swift in Sources */,
				67F309C221FC520D0072CB84 /* ViewController.swift in Sources */,
				67F309C021FC520D0072CB84 /* AppDelegate.swift in Sources */,
				6784FC12235347C7008582BF /* Node.swift in Sources */,
			);
			runOnlyForDeploymentPostprocessing = 0;
		};
/* End PBXSourcesBuildPhase section */

/* Begin PBXVariantGroup section */
		67F309C321FC520D0072CB84 /* Main.storyboard */ = {
			isa = PBXVariantGroup;
			children = (
				67F309C421FC520D0072CB84 /* Base */,
			);
			name = Main.storyboard;
			sourceTree = "<group>";
		};
		67F309C821FC52110072CB84 /* LaunchScreen.storyboard */ = {
			isa = PBXVariantGroup;
			children = (
				67F309C921FC52110072CB84 /* Base */,
			);
			name = LaunchScreen.storyboard;
			sourceTree = "<group>";
		};
/* End PBXVariantGroup section */

/* Begin XCBuildConfiguration section */
		67F309CC21FC52110072CB84 /* Debug */ = {
			isa = XCBuildConfiguration;
			buildSettings = {
				ALWAYS_SEARCH_USER_PATHS = NO;
				CLANG_ANALYZER_NONNULL = YES;
				CLANG_ANALYZER_NUMBER_OBJECT_CONVERSION = YES_AGGRESSIVE;
				CLANG_CXX_LANGUAGE_STANDARD = "gnu++14";
				CLANG_CXX_LIBRARY = "libc++";
				CLANG_ENABLE_MODULES = YES;
				CLANG_ENABLE_OBJC_ARC = YES;
				CLANG_ENABLE_OBJC_WEAK = YES;
				CLANG_WARN_BLOCK_CAPTURE_AUTORELEASING = YES;
				CLANG_WARN_BOOL_CONVERSION = YES;
				CLANG_WARN_COMMA = YES;
				CLANG_WARN_CONSTANT_CONVERSION = YES;
				CLANG_WARN_DEPRECATED_OBJC_IMPLEMENTATIONS = YES;
				CLANG_WARN_DIRECT_OBJC_ISA_USAGE = YES_ERROR;
				CLANG_WARN_DOCUMENTATION_COMMENTS = YES;
				CLANG_WARN_EMPTY_BODY = YES;
				CLANG_WARN_ENUM_CONVERSION = YES;
				CLANG_WARN_INFINITE_RECURSION = YES;
				CLANG_WARN_INT_CONVERSION = YES;
				CLANG_WARN_NON_LITERAL_NULL_CONVERSION = YES;
				CLANG_WARN_OBJC_IMPLICIT_RETAIN_SELF = YES;
				CLANG_WARN_OBJC_LITERAL_CONVERSION = YES;
				CLANG_WARN_OBJC_ROOT_CLASS = YES_ERROR;
				CLANG_WARN_RANGE_LOOP_ANALYSIS = YES;
				CLANG_WARN_STRICT_PROTOTYPES = YES;
				CLANG_WARN_SUSPICIOUS_MOVE = YES;
				CLANG_WARN_UNGUARDED_AVAILABILITY = YES_AGGRESSIVE;
				CLANG_WARN_UNREACHABLE_CODE = YES;
				CLANG_WARN__DUPLICATE_METHOD_MATCH = YES;
				CODE_SIGN_IDENTITY = "iPhone Developer";
				COPY_PHASE_STRIP = NO;
				DEBUG_INFORMATION_FORMAT = dwarf;
				ENABLE_STRICT_OBJC_MSGSEND = YES;
				ENABLE_TESTABILITY = YES;
				GCC_C_LANGUAGE_STANDARD = gnu11;
				GCC_DYNAMIC_NO_PIC = NO;
				GCC_NO_COMMON_BLOCKS = YES;
				GCC_OPTIMIZATION_LEVEL = 0;
				GCC_PREPROCESSOR_DEFINITIONS = (
					"DEBUG=1",
					"$(inherited)",
				);
				GCC_WARN_64_TO_32_BIT_CONVERSION = YES;
				GCC_WARN_ABOUT_RETURN_TYPE = YES_ERROR;
				GCC_WARN_UNDECLARED_SELECTOR = YES;
				GCC_WARN_UNINITIALIZED_AUTOS = YES_AGGRESSIVE;
				GCC_WARN_UNUSED_FUNCTION = YES;
				GCC_WARN_UNUSED_VARIABLE = YES;
				IPHONEOS_DEPLOYMENT_TARGET = 12.1;
				MTL_ENABLE_DEBUG_INFO = INCLUDE_SOURCE;
				MTL_FAST_MATH = YES;
				ONLY_ACTIVE_ARCH = YES;
				SDKROOT = iphoneos;
				SWIFT_ACTIVE_COMPILATION_CONDITIONS = DEBUG;
				SWIFT_OPTIMIZATION_LEVEL = "-Onone";
			};
			name = Debug;
		};
		67F309CD21FC52110072CB84 /* Release */ = {
			isa = XCBuildConfiguration;
			buildSettings = {
				ALWAYS_SEARCH_USER_PATHS = NO;
				CLANG_ANALYZER_NONNULL = YES;
				CLANG_ANALYZER_NUMBER_OBJECT_CONVERSION = YES_AGGRESSIVE;
				CLANG_CXX_LANGUAGE_STANDARD = "gnu++14";
				CLANG_CXX_LIBRARY = "libc++";
				CLANG_ENABLE_MODULES = YES;
				CLANG_ENABLE_OBJC_ARC = YES;
				CLANG_ENABLE_OBJC_WEAK = YES;
				CLANG_WARN_BLOCK_CAPTURE_AUTORELEASING = YES;
				CLANG_WARN_BOOL_CONVERSION = YES;
				CLANG_WARN_COMMA = YES;
				CLANG_WARN_CONSTANT_CONVERSION = YES;
				CLANG_WARN_DEPRECATED_OBJC_IMPLEMENTATIONS = YES;
				CLANG_WARN_DIRECT_OBJC_ISA_USAGE = YES_ERROR;
				CLANG_WARN_DOCUMENTATION_COMMENTS = YES;
				CLANG_WARN_EMPTY_BODY = YES;
				CLANG_WARN_ENUM_CONVERSION = YES;
				CLANG_WARN_INFINITE_RECURSION = YES;
				CLANG_WARN_INT_CONVERSION = YES;
				CLANG_WARN_NON_LITERAL_NULL_CONVERSION = YES;
				CLANG_WARN_OBJC_IMPLICIT_RETAIN_SELF = YES;
				CLANG_WARN_OBJC_LITERAL_CONVERSION = YES;
				CLANG_WARN_OBJC_ROOT_CLASS = YES_ERROR;
				CLANG_WARN_RANGE_LOOP_ANALYSIS = YES;
				CLANG_WARN_STRICT_PROTOTYPES = YES;
				CLANG_WARN_SUSPICIOUS_MOVE = YES;
				CLANG_WARN_UNGUARDED_AVAILABILITY = YES_AGGRESSIVE;
				CLANG_WARN_UNREACHABLE_CODE = YES;
				CLANG_WARN__DUPLICATE_METHOD_MATCH = YES;
				CODE_SIGN_IDENTITY = "iPhone Developer";
				COPY_PHASE_STRIP = NO;
				DEBUG_INFORMATION_FORMAT = "dwarf-with-dsym";
				ENABLE_NS_ASSERTIONS = NO;
				ENABLE_STRICT_OBJC_MSGSEND = YES;
				GCC_C_LANGUAGE_STANDARD = gnu11;
				GCC_NO_COMMON_BLOCKS = YES;
				GCC_WARN_64_TO_32_BIT_CONVERSION = YES;
				GCC_WARN_ABOUT_RETURN_TYPE = YES_ERROR;
				GCC_WARN_UNDECLARED_SELECTOR = YES;
				GCC_WARN_UNINITIALIZED_AUTOS = YES_AGGRESSIVE;
				GCC_WARN_UNUSED_FUNCTION = YES;
				GCC_WARN_UNUSED_VARIABLE = YES;
				IPHONEOS_DEPLOYMENT_TARGET = 12.1;
				MTL_ENABLE_DEBUG_INFO = NO;
				MTL_FAST_MATH = YES;
				SDKROOT = iphoneos;
				SWIFT_COMPILATION_MODE = wholemodule;
				SWIFT_OPTIMIZATION_LEVEL = "-O";
				VALIDATE_PRODUCT = YES;
			};
			name = Release;
		};
		67F309CF21FC52110072CB84 /* Debug */ = {
			isa = XCBuildConfiguration;
			buildSettings = {
				ASSETCATALOG_COMPILER_APPICON_NAME = AppIcon;
				CODE_SIGN_STYLE = Automatic;
				DEVELOPMENT_TEAM = FW8CQ2YARN;
				INFOPLIST_FILE = DataStructureInSwift/Info.plist;
				LD_RUNPATH_SEARCH_PATHS = (
					"$(inherited)",
					"@executable_path/Frameworks",
				);
				PRODUCT_BUNDLE_IDENTIFIER = com.gurjar.chaman.DataStructureInSwift;
				PRODUCT_NAME = "$(TARGET_NAME)";
				SWIFT_VERSION = 4.2;
				TARGETED_DEVICE_FAMILY = "1,2";
			};
			name = Debug;
		};
		67F309D021FC52110072CB84 /* Release */ = {
			isa = XCBuildConfiguration;
			buildSettings = {
				ASSETCATALOG_COMPILER_APPICON_NAME = AppIcon;
				CODE_SIGN_STYLE = Automatic;
				DEVELOPMENT_TEAM = FW8CQ2YARN;
				INFOPLIST_FILE = DataStructureInSwift/Info.plist;
				LD_RUNPATH_SEARCH_PATHS = (
					"$(inherited)",
					"@executable_path/Frameworks",
				);
				PRODUCT_BUNDLE_IDENTIFIER = com.gurjar.chaman.DataStructureInSwift;
				PRODUCT_NAME = "$(TARGET_NAME)";
				SWIFT_VERSION = 4.2;
				TARGETED_DEVICE_FAMILY = "1,2";
			};
			name = Release;
		};
/* End XCBuildConfiguration section */

/* Begin XCConfigurationList section */
		67F309B721FC520D0072CB84 /* Build configuration list for PBXProject "DataStructureInSwift" */ = {
			isa = XCConfigurationList;
			buildConfigurations = (
				67F309CC21FC52110072CB84 /* Debug */,
				67F309CD21FC52110072CB84 /* Release */,
			);
			defaultConfigurationIsVisible = 0;
			defaultConfigurationName = Release;
		};
		67F309CE21FC52110072CB84 /* Build configuration list for PBXNativeTarget "DataStructureInSwift" */ = {
			isa = XCConfigurationList;
			buildConfigurations = (
				67F309CF21FC52110072CB84 /* Debug */,
				67F309D021FC52110072CB84 /* Release */,
			);
			defaultConfigurationIsVisible = 0;
			defaultConfigurationName = Release;
		};
/* End XCConfigurationList section */
	};
	rootObject = 67F309B421FC520D0072CB84 /* Project object */;
}
